{
	"name": "@async-fn/core",
	"version": "1.4.1",
	"lockfileVersion": 2,
	"requires": true,
	"packages": {
		"": {
			"name": "@async-fn/core",
			"version": "1.4.0",
			"license": "MIT",
			"dependencies": {
				"lodash": "^4.17.19",
				"timers": "^0.1.1"
			},
			"bin": {
				"build-async-fn": "bin/build-async-fn"
			}
		},
		"node_modules/lodash": {
			"version": "4.17.21",
			"resolved": "https://registry.npmjs.org/lodash/-/lodash-4.17.21.tgz",
			"integrity": "sha512-v2kDEe57lecTulaDIuNTPy3Ry4gLGJ6Z1O3vE1krgXZNrsQ+LFTGHVxVjcXPs17LhbZVGedAJv8XZ1tvj5FvSg=="
		},
		"node_modules/timers": {
			"version": "0.1.1",
			"resolved": "https://registry.npmjs.org/timers/-/timers-0.1.1.tgz",
			"integrity": "sha1-hqxceMHuQZaU81pY3k/UGDz7nB4="
		}
	},
	"dependencies": {
		"lodash": {
			"version": "4.17.21",
			"resolved": "https://registry.npmjs.org/lodash/-/lodash-4.17.21.tgz",
			"integrity": "sha512-v2kDEe57lecTulaDIuNTPy3Ry4gLGJ6Z1O3vE1krgXZNrsQ+LFTGHVxVjcXPs17LhbZVGedAJv8XZ1tvj5FvSg=="
		},
		"timers": {
			"version": "0.1.1",
			"resolved": "https://registry.npmjs.org/timers/-/timers-0.1.1.tgz",
			"integrity": "sha1-hqxceMHuQZaU81pY3k/UGDz7nB4="
		}
	}
}
